<?xml version="1.0" encoding="utf-8"?>
<Project ToolsVersion="4.0" xmlns="http://schemas.microsoft.com/developer/msbuild/2003">
  <ItemGroup>
    <Filter Include="LittleHazel">
      <UniqueIdentifier>{879AF56B-F34F-6E61-7C44-6838E8F86465}</UniqueIdentifier>
    </Filter>
    <Filter Include="LittleHazel\Events">
      <UniqueIdentifier>{8B4891C2-772C-5218-E08C-4C6BCC8F3C9A}</UniqueIdentifier>
    </Filter>
    <Filter Include="Platform">
      <UniqueIdentifier>{2AC788B4-1694-E3BF-3FAD-D1672BD9184E}</UniqueIdentifier>
    </Filter>
    <Filter Include="Platform\Windows">
      <UniqueIdentifier>{64FBD71A-50F4-F66C-7926-DCF1657ED678}</UniqueIdentifier>
    </Filter>
  </ItemGroup>
  <ItemGroup>
    <ClInclude Include="src\LittleHazel.h" />
    <ClInclude Include="src\LittleHazel\Application.h">
      <Filter>LittleHazel</Filter>
    </ClInclude>
    <ClInclude Include="src\LittleHazel\Core.h">
      <Filter>LittleHazel</Filter>
    </ClInclude>
    <ClInclude Include="src\LittleHazel\EntryPoint.h">
      <Filter>LittleHazel</Filter>
    </ClInclude>
    <ClInclude Include="src\LittleHazel\Events\ApplicationEvent.h">
      <Filter>LittleHazel\Events</Filter>
    </ClInclude>
    <ClInclude Include="src\LittleHazel\Events\Event.h">
      <Filter>LittleHazel\Events</Filter>
    </ClInclude>
    <ClInclude Include="src\LittleHazel\Events\KeyEvent.h">
      <Filter>LittleHazel\Events</Filter>
    </ClInclude>
    <ClInclude Include="src\LittleHazel\Events\MouseEvent.h">
      <Filter>LittleHazel\Events</Filter>
    </ClInclude>
    <ClInclude Include="src\LittleHazel\Log.h">
      <Filter>LittleHazel</Filter>
    </ClInclude>
    <ClInclude Include="src\LittleHazel\Window.h">
      <Filter>LittleHazel</Filter>
    </ClInclude>
    <ClInclude Include="src\Platform\Windows\WindowsWindow.h">
      <Filter>Platform\Windows</Filter>
    </ClInclude>
    <ClInclude Include="src\lhpch.h" />
  </ItemGroup>
  <ItemGroup>
    <ClCompile Include="src\LittleHazel\Application.cpp">
      <Filter>LittleHazel</Filter>
    </ClCompile>
    <ClCompile Include="src\LittleHazel\Log.cpp">
      <Filter>LittleHazel</Filter>
    </ClCompile>
    <ClCompile Include="src\Platform\Windows\WindowsWindow.cpp">
      <Filter>Platform\Windows</Filter>
    </ClCompile>
    <ClCompile Include="src\lhpch.cpp" />
  </ItemGroup>
</Project>