<?xml version="1.0" encoding="utf-8"?>
<Project ToolsVersion="4.0" xmlns="http://schemas.microsoft.com/developer/msbuild/2003">
  <ItemGroup>
    <Filter Include="LittleHazel">
      <UniqueIdentifier>{879AF56B-F34F-6E61-7C44-6838E8F86465}</UniqueIdentifier>
    </Filter>
  </ItemGroup>
  <ItemGroup>
    <ClInclude Include="src\LittleHazel.h" />
    <ClInclude Include="src\LittleHazel\Application.h">
      <Filter>LittleHazel</Filter>
    </ClInclude>
    <ClInclude Include="src\LittleHazel\Core.h">
      <Filter>LittleHazel</Filter>
    </ClInclude>
    <ClInclude Include="src\LittleHazel\EntryPoint.h">
      <Filter>LittleHazel</Filter>
    </ClInclude>
    <ClInclude Include="src\LittleHazel\Log.h">
      <Filter>LittleHazel</Filter>
    </ClInclude>
    <ClInclude Include="src\LittleHazel\Events\Event.h" />
    <ClInclude Include="src\LittleHazel\Events\WindowEvent.h" />
  </ItemGroup>
  <ItemGroup>
    <ClCompile Include="src\LittleHazel\Application.cpp">
      <Filter>LittleHazel</Filter>
    </ClCompile>
    <ClCompile Include="src\LittleHazel\Log.cpp">
      <Filter>LittleHazel</Filter>
    </ClCompile>
  </ItemGroup>
</Project>